// !$*UTF8*$!
{
	archiveVersion = 1;
	classes = {
	};
	objectVersion = 46;
	objects = {

/* Begin PBXBuildFile section */
		A70C2C4B14B6B40E0081FF62 /* main.c in Sources */ = {isa = PBXBuildFile; fileRef = A70C2C4A14B6B40E0081FF62 /* main.c */; };
		A70C2C4D14B6B40E0081FF62 /* InsertionSort.1 in CopyFiles */ = {isa = PBXBuildFile; fileRef = A70C2C4C14B6B40E0081FF62 /* InsertionSort.1 */; };
/* End PBXBuildFile section */

/* Begin PBXCopyFilesBuildPhase section */
		A70C2C4414B6B40E0081FF62 /* CopyFiles */ = {
			isa = PBXCopyFilesBuildPhase;
			buildActionMask = 2147483647;
			dstPath = /usr/share/man/man1/;
			dstSubfolderSpec = 0;
			files = (
				A70C2C4D14B6B40E0081FF62 /* InsertionSort.1 in CopyFiles */,
			);
			runOnlyForDeploymentPostprocessing = 1;
		};
/* End PBXCopyFilesBuildPhase section */

/* Begin PBXFileReference section */
		A70C2C4614B6B40E0081FF62 /* InsertionSort */ = {isa = PBXFileReference; explicitFileType = "compiled.mach-o.executable"; includeInIndex = 0; path = InsertionSort; sourceTree = BUILT_PRODUCTS_DIR; };
		A70C2C4A14B6B40E0081FF62 /* main.c */ = {isa = PBXFileReference; lastKnownFileType = sourcecode.c.c; path = main.c; sourceTree = "<group>"; };
		A70C2C4C14B6B40E0081FF62 /* InsertionSort.1 */ = {isa = PBXFileReference; lastKnownFileType = text.man; path = InsertionSort.1; sourceTree = "<group>"; };
/* End PBXFileReference section */

/* Begin PBXFrameworksBuildPhase section */
		A70C2C4314B6B40E0081FF62 /* Frameworks */ = {
			isa = PBXFrameworksBuildPhase;
			buildActionMask = 2147483647;
			files = (
			);
			runOnlyForDeploymentPostprocessing = 0;
		};
/* End PBXFrameworksBuildPhase section */

/* Begin PBXGroup section */
		A70C2C3B14B6B40E0081FF62 = {
			isa = PBXGroup;
			children = (
				A70C2C4914B6B40E0081FF62 /* InsertionSort */,
				A70C2C4714B6B40E0081FF62 /* Products */,
			);
			sourceTree = "<group>";
		};
		A70C2C4714B6B40E0081FF62 /* Products */ = {
			isa = PBXGroup;
			children = (
				A70C2C4614B6B40E0081FF62 /* InsertionSort */,
			);
			name = Products;
			sourceTree = "<group>";
		};
		A70C2C4914B6B40E0081FF62 /* InsertionSort */ = {
			isa = PBXGroup;
			children = (
				A70C2C4A14B6B40E0081FF62 /* main.c */,
				A70C2C4C14B6B40E0081FF62 /* InsertionSort.1 */,
			);
			path = InsertionSort;
			sourceTree = "<group>";
		};
/* End PBXGroup section */

/* Begin PBXNativeTarget section */
		A70C2C4514B6B40E0081FF62 /* InsertionSort */ = {
			isa = PBXNativeTarget;
			buildConfigurationList = A70C2C5014B6B40E0081FF62 /* Build configuration list for PBXNativeTarget "InsertionSort" */;
			buildPhases = (
				A70C2C4214B6B40E0081FF62 /* Sources */,
				A70C2C4314B6B40E0081FF62 /* Frameworks */,
				A70C2C4414B6B40E0081FF62 /* CopyFiles */,
			);
			buildRules = (
			);
			dependencies = (
			);
			name = InsertionSort;
			productName = InsertionSort;
			productReference = A70C2C4614B6B40E0081FF62 /* InsertionSort */;
			productType = "com.apple.product-type.tool";
		};
/* End PBXNativeTarget section */

/* Begin PBXProject section */
		A70C2C3D14B6B40E0081FF62 /* Project object */ = {
			isa = PBXProject;
			buildConfigurationList = A70C2C4014B6B40E0081FF62 /* Build configuration list for PBXProject "InsertionSort" */;
			compatibilityVersion = "Xcode 3.2";
			developmentRegion = English;
			hasScannedForEncodings = 0;
			knownRegions = (
				en,
			);
			mainGroup = A70C2C3B14B6B40E0081FF62;
			productRefGroup = A70C2C4714B6B40E0081FF62 /* Products */;
			projectDirPath = "";
			projectRoot = "";
			targets = (
				A70C2C4514B6B40E0081FF62 /* InsertionSort */,
			);
		};
/* End PBXProject section */

/* Begin PBXSourcesBuildPhase section */
		A70C2C4214B6B40E0081FF62 /* Sources */ = {
			isa = PBXSourcesBuildPhase;
			buildActionMask = 2147483647;
			files = (
				A70C2C4B14B6B40E0081FF62 /* main.c in Sources */,
			);
			runOnlyForDeploymentPostprocessing = 0;
		};
/* End PBXSourcesBuildPhase section */

/* Begin XCBuildConfiguration section */
		A70C2C4E14B6B40E0081FF62 /* Debug */ = {
			isa = XCBuildConfiguration;
			buildSettings = {
				ALWAYS_SEARCH_USER_PATHS = NO;
				ARCHS = "$(ARCHS_STANDARD_64_BIT)";
				COPY_PHASE_STRIP = NO;
				GCC_C_LANGUAGE_STANDARD = gnu99;
				GCC_DYNAMIC_NO_PIC = NO;
				GCC_ENABLE_OBJC_EXCEPTIONS = YES;
				GCC_OPTIMIZATION_LEVEL = 0;
				GCC_PREPROCESSOR_DEFINITIONS = (
					"DEBUG=1",
					"$(inherited)",
				);
				GCC_SYMBOLS_PRIVATE_EXTERN = NO;
				GCC_VERSION = com.apple.compilers.llvm.clang.1_0;
				GCC_WARN_64_TO_32_BIT_CONVERSION = YES;
				GCC_WARN_ABOUT_MISSING_PROTOTYPES = YES;
				GCC_WARN_ABOUT_RETURN_TYPE = YES;
				GCC_WARN_UNUSED_VARIABLE = YES;
				MACOSX_DEPLOYMENT_TARGET = 10.7;
				ONLY_ACTIVE_ARCH = YES;
				SDKROOT = macosx;
			};
			name = Debug;
		};
		A70C2C4F14B6B40E0081FF62 /* Release */ = {
			isa = XCBuildConfiguration;
			buildSettings = {
				ALWAYS_SEARCH_USER_PATHS = NO;
				ARCHS = "$(ARCHS_STANDARD_64_BIT)";
				COPY_PHASE_STRIP = YES;
				DEBUG_INFORMATION_FORMAT = "dwarf-with-dsym";
				GCC_C_LANGUAGE_STANDARD = gnu99;
				GCC_ENABLE_OBJC_EXCEPTIONS = YES;
				GCC_VERSION = com.apple.compilers.llvm.clang.1_0;
				GCC_WARN_64_TO_32_BIT_CONVERSION = YES;
				GCC_WARN_ABOUT_MISSING_PROTOTYPES = YES;
				GCC_WARN_ABOUT_RETURN_TYPE = YES;
				GCC_WARN_UNUSED_VARIABLE = YES;
				MACOSX_DEPLOYMENT_TARGET = 10.7;
				SDKROOT = macosx;
			};
			name = Release;
		};
		A70C2C5114B6B40E0081FF62 /* Debug */ = {
			isa = XCBuildConfiguration;
			buildSettings = {
				PRODUCT_NAME = "$(TARGET_NAME)";
			};
			name = Debug;
		};
		A70C2C5214B6B40E0081FF62 /* Release */ = {
			isa = XCBuildConfiguration;
			buildSettings = {
				PRODUCT_NAME = "$(TARGET_NAME)";
			};
			name = Release;
		};
/* End XCBuildConfiguration section */

/* Begin XCConfigurationList section */
		A70C2C4014B6B40E0081FF62 /* Build configuration list for PBXProject "InsertionSort" */ = {
			isa = XCConfigurationList;
			buildConfigurations = (
				A70C2C4E14B6B40E0081FF62 /* Debug */,
				A70C2C4F14B6B40E0081FF62 /* Release */,
			);
			defaultConfigurationIsVisible = 0;
			defaultConfigurationName = Release;
		};
		A70C2C5014B6B40E0081FF62 /* Build configuration list for PBXNativeTarget "InsertionSort" */ = {
			isa = XCConfigurationList;
			buildConfigurations = (
				A70C2C5114B6B40E0081FF62 /* Debug */,
				A70C2C5214B6B40E0081FF62 /* Release */,
			);
			defaultConfigurationIsVisible = 0;
		};
/* End XCConfigurationList section */
	};
	rootObject = A70C2C3D14B6B40E0081FF62 /* Project object */;
}
